{
  "name": "pod_interact.js",
  "lockfileVersion": 2,
  "requires": true,
  "packages": {
    "": {
      "devDependencies": {
        "@interactjs/types": "^1.10.11"
      }
    },
    "node_modules/@interactjs/types": {
      "version": "1.10.11",
      "resolved": "https://registry.npmjs.org/@interactjs/types/-/types-1.10.11.tgz",
      "integrity": "sha512-YRsVFWjL8Gkkvlx3qnjeaxW4fnibSJ9791g8BA7Pv5ANByI64WmtR1vU7A2rXcrOn8XvyCEfY0ss1s8NhZP+MA==",
      "dev": true
    }
  },
  "dependencies": {
    "@interactjs/types": {
      "version": "1.10.11",
      "resolved": "https://registry.npmjs.org/@interactjs/types/-/types-1.10.11.tgz",
      "integrity": "sha512-YRsVFWjL8Gkkvlx3qnjeaxW4fnibSJ9791g8BA7Pv5ANByI64WmtR1vU7A2rXcrOn8XvyCEfY0ss1s8NhZP+MA==",
      "dev": true
    }
  }
}
